// !$*UTF8*$!
{
	archiveVersion = 1;
	classes = {
	};
	objectVersion = 77;
	objects = {

/* Begin PBXBuildFile section */
		176858B82E7D89B300110C55 /* ReachuDesignSystem in Frameworks */ = {isa = PBXBuildFile; productRef = 176858B72E7D89B300110C55 /* ReachuDesignSystem */; };
		176858ED2E7F372400110C55 /* ReachuUI in Frameworks */ = {isa = PBXBuildFile; productRef = 176858EC2E7F372400110C55 /* ReachuUI */; };
		176859332E82D1E500110C55 /* ReachuLiveShow in Frameworks */ = {isa = PBXBuildFile; productRef = 176859322E82D1E500110C55 /* ReachuLiveShow */; };
		17BD21FC2E84904E00853E53 /* ReachuLiveShow in Frameworks */ = {isa = PBXBuildFile; productRef = 17BD21FB2E84904E00853E53 /* ReachuLiveShow */; };
		17BD21FE2E84904E00853E53 /* ReachuLiveUI in Frameworks */ = {isa = PBXBuildFile; productRef = 17BD21FD2E84904E00853E53 /* ReachuLiveUI */; };
/* End PBXBuildFile section */

/* Begin PBXContainerItemProxy section */
		176858992E7D876600110C55 /* PBXContainerItemProxy */ = {
			isa = PBXContainerItemProxy;
			containerPortal = 1768587E2E7D876400110C55 /* Project object */;
			proxyType = 1;
			remoteGlobalIDString = 176858852E7D876500110C55;
			remoteInfo = ReachuDemoApp;
		};
		176858A32E7D876600110C55 /* PBXContainerItemProxy */ = {
			isa = PBXContainerItemProxy;
			containerPortal = 1768587E2E7D876400110C55 /* Project object */;
			proxyType = 1;
			remoteGlobalIDString = 176858852E7D876500110C55;
			remoteInfo = ReachuDemoApp;
		};
/* End PBXContainerItemProxy section */

/* Begin PBXFileReference section */
		176858862E7D876500110C55 /* ReachuDemoApp.app */ = {isa = PBXFileReference; explicitFileType = wrapper.application; includeInIndex = 0; path = ReachuDemoApp.app; sourceTree = BUILT_PRODUCTS_DIR; };
		176858982E7D876600110C55 /* ReachuDemoAppTests.xctest */ = {isa = PBXFileReference; explicitFileType = wrapper.cfbundle; includeInIndex = 0; path = ReachuDemoAppTests.xctest; sourceTree = BUILT_PRODUCTS_DIR; };
		176858A22E7D876600110C55 /* ReachuDemoAppUITests.xctest */ = {isa = PBXFileReference; explicitFileType = wrapper.cfbundle; includeInIndex = 0; path = ReachuDemoAppUITests.xctest; sourceTree = BUILT_PRODUCTS_DIR; };
/* End PBXFileReference section */

/* Begin PBXFileSystemSynchronizedRootGroup section */
		176858882E7D876500110C55 /* ReachuDemoApp */ = {
			isa = PBXFileSystemSynchronizedRootGroup;
			path = ReachuDemoApp;
			sourceTree = "<group>";
		};
		1768589B2E7D876600110C55 /* ReachuDemoAppTests */ = {
			isa = PBXFileSystemSynchronizedRootGroup;
			path = ReachuDemoAppTests;
			sourceTree = "<group>";
		};
		176858A52E7D876600110C55 /* ReachuDemoAppUITests */ = {
			isa = PBXFileSystemSynchronizedRootGroup;
			path = ReachuDemoAppUITests;
			sourceTree = "<group>";
		};
/* End PBXFileSystemSynchronizedRootGroup section */

/* Begin PBXFrameworksBuildPhase section */
		176858832E7D876500110C55 /* Frameworks */ = {
			isa = PBXFrameworksBuildPhase;
			buildActionMask = 2147483647;
			files = (
				17BD21FE2E84904E00853E53 /* ReachuLiveUI in Frameworks */,
				176858ED2E7F372400110C55 /* ReachuUI in Frameworks */,
				176858B82E7D89B300110C55 /* ReachuDesignSystem in Frameworks */,
				176859332E82D1E500110C55 /* ReachuLiveShow in Frameworks */,
				17BD21FC2E84904E00853E53 /* ReachuLiveShow in Frameworks */,
			);
			runOnlyForDeploymentPostprocessing = 0;
		};
		176858952E7D876600110C55 /* Frameworks */ = {
			isa = PBXFrameworksBuildPhase;
			buildActionMask = 2147483647;
			files = (
			);
			runOnlyForDeploymentPostprocessing = 0;
		};
		1768589F2E7D876600110C55 /* Frameworks */ = {
			isa = PBXFrameworksBuildPhase;
			buildActionMask = 2147483647;
			files = (
			);
			runOnlyForDeploymentPostprocessing = 0;
		};
/* End PBXFrameworksBuildPhase section */

/* Begin PBXGroup section */
		1768587D2E7D876400110C55 = {
			isa = PBXGroup;
			children = (
				176858882E7D876500110C55 /* ReachuDemoApp */,
				1768589B2E7D876600110C55 /* ReachuDemoAppTests */,
				176858A52E7D876600110C55 /* ReachuDemoAppUITests */,
				176858872E7D876500110C55 /* Products */,
			);
			sourceTree = "<group>";
		};
		176858872E7D876500110C55 /* Products */ = {
			isa = PBXGroup;
			children = (
				176858862E7D876500110C55 /* ReachuDemoApp.app */,
				176858982E7D876600110C55 /* ReachuDemoAppTests.xctest */,
				176858A22E7D876600110C55 /* ReachuDemoAppUITests.xctest */,
			);
			name = Products;
			sourceTree = "<group>";
		};
/* End PBXGroup section */

/* Begin PBXNativeTarget section */
		176858852E7D876500110C55 /* ReachuDemoApp */ = {
			isa = PBXNativeTarget;
			buildConfigurationList = 176858AC2E7D876600110C55 /* Build configuration list for PBXNativeTarget "ReachuDemoApp" */;
			buildPhases = (
				176858822E7D876500110C55 /* Sources */,
				176858832E7D876500110C55 /* Frameworks */,
				176858842E7D876500110C55 /* Resources */,
			);
			buildRules = (
			);
			dependencies = (
			);
			fileSystemSynchronizedGroups = (
				176858882E7D876500110C55 /* ReachuDemoApp */,
			);
			name = ReachuDemoApp;
			packageProductDependencies = (
				176858B72E7D89B300110C55 /* ReachuDesignSystem */,
				176858EC2E7F372400110C55 /* ReachuUI */,
				176859322E82D1E500110C55 /* ReachuLiveShow */,
				17BD21FB2E84904E00853E53 /* ReachuLiveShow */,
				17BD21FD2E84904E00853E53 /* ReachuLiveUI */,
			);
			productName = ReachuDemoApp;
			productReference = 176858862E7D876500110C55 /* ReachuDemoApp.app */;
			productType = "com.apple.product-type.application";
		};
		176858972E7D876600110C55 /* ReachuDemoAppTests */ = {
			isa = PBXNativeTarget;
			buildConfigurationList = 176858AF2E7D876600110C55 /* Build configuration list for PBXNativeTarget "ReachuDemoAppTests" */;
			buildPhases = (
				176858942E7D876600110C55 /* Sources */,
				176858952E7D876600110C55 /* Frameworks */,
				176858962E7D876600110C55 /* Resources */,
			);
			buildRules = (
			);
			dependencies = (
				1768589A2E7D876600110C55 /* PBXTargetDependency */,
			);
			fileSystemSynchronizedGroups = (
				1768589B2E7D876600110C55 /* ReachuDemoAppTests */,
			);
			name = ReachuDemoAppTests;
			packageProductDependencies = (
			);
			productName = ReachuDemoAppTests;
			productReference = 176858982E7D876600110C55 /* ReachuDemoAppTests.xctest */;
			productType = "com.apple.product-type.bundle.unit-test";
		};
		176858A12E7D876600110C55 /* ReachuDemoAppUITests */ = {
			isa = PBXNativeTarget;
			buildConfigurationList = 176858B22E7D876600110C55 /* Build configuration list for PBXNativeTarget "ReachuDemoAppUITests" */;
			buildPhases = (
				1768589E2E7D876600110C55 /* Sources */,
				1768589F2E7D876600110C55 /* Frameworks */,
				176858A02E7D876600110C55 /* Resources */,
			);
			buildRules = (
			);
			dependencies = (
				176858A42E7D876600110C55 /* PBXTargetDependency */,
			);
			fileSystemSynchronizedGroups = (
				176858A52E7D876600110C55 /* ReachuDemoAppUITests */,
			);
			name = ReachuDemoAppUITests;
			packageProductDependencies = (
			);
			productName = ReachuDemoAppUITests;
			productReference = 176858A22E7D876600110C55 /* ReachuDemoAppUITests.xctest */;
			productType = "com.apple.product-type.bundle.ui-testing";
		};
/* End PBXNativeTarget section */

/* Begin PBXProject section */
		1768587E2E7D876400110C55 /* Project object */ = {
			isa = PBXProject;
			attributes = {
				BuildIndependentTargetsInParallel = 1;
				LastSwiftUpdateCheck = 2600;
				LastUpgradeCheck = 2600;
				TargetAttributes = {
					176858852E7D876500110C55 = {
						CreatedOnToolsVersion = 26.0;
					};
					176858972E7D876600110C55 = {
						CreatedOnToolsVersion = 26.0;
						TestTargetID = 176858852E7D876500110C55;
					};
					176858A12E7D876600110C55 = {
						CreatedOnToolsVersion = 26.0;
						TestTargetID = 176858852E7D876500110C55;
					};
				};
			};
			buildConfigurationList = 176858812E7D876400110C55 /* Build configuration list for PBXProject "ReachuDemoApp" */;
			developmentRegion = en;
			hasScannedForEncodings = 0;
			knownRegions = (
				en,
				Base,
			);
			mainGroup = 1768587D2E7D876400110C55;
			minimizedProjectReferenceProxies = 1;
			packageReferences = (
				176858B62E7D89B300110C55 /* XCLocalSwiftPackageReference "../.." */,
			);
			preferredProjectObjectVersion = 77;
			productRefGroup = 176858872E7D876500110C55 /* Products */;
			projectDirPath = "";
			projectRoot = "";
			targets = (
				176858852E7D876500110C55 /* ReachuDemoApp */,
				176858972E7D876600110C55 /* ReachuDemoAppTests */,
				176858A12E7D876600110C55 /* ReachuDemoAppUITests */,
			);
		};
/* End PBXProject section */

/* Begin PBXResourcesBuildPhase section */
		176858842E7D876500110C55 /* Resources */ = {
			isa = PBXResourcesBuildPhase;
			buildActionMask = 2147483647;
			files = (
			);
			runOnlyForDeploymentPostprocessing = 0;
		};
		176858962E7D876600110C55 /* Resources */ = {
			isa = PBXResourcesBuildPhase;
			buildActionMask = 2147483647;
			files = (
			);
			runOnlyForDeploymentPostprocessing = 0;
		};
		176858A02E7D876600110C55 /* Resources */ = {
			isa = PBXResourcesBuildPhase;
			buildActionMask = 2147483647;
			files = (
			);
			runOnlyForDeploymentPostprocessing = 0;
		};
/* End PBXResourcesBuildPhase section */

/* Begin PBXSourcesBuildPhase section */
		176858822E7D876500110C55 /* Sources */ = {
			isa = PBXSourcesBuildPhase;
			buildActionMask = 2147483647;
			files = (
			);
			runOnlyForDeploymentPostprocessing = 0;
		};
		176858942E7D876600110C55 /* Sources */ = {
			isa = PBXSourcesBuildPhase;
			buildActionMask = 2147483647;
			files = (
			);
			runOnlyForDeploymentPostprocessing = 0;
		};
		1768589E2E7D876600110C55 /* Sources */ = {
			isa = PBXSourcesBuildPhase;
			buildActionMask = 2147483647;
			files = (
			);
			runOnlyForDeploymentPostprocessing = 0;
		};
/* End PBXSourcesBuildPhase section */

/* Begin PBXTargetDependency section */
		1768589A2E7D876600110C55 /* PBXTargetDependency */ = {
			isa = PBXTargetDependency;
			target = 176858852E7D876500110C55 /* ReachuDemoApp */;
			targetProxy = 176858992E7D876600110C55 /* PBXContainerItemProxy */;
		};
		176858A42E7D876600110C55 /* PBXTargetDependency */ = {
			isa = PBXTargetDependency;
			target = 176858852E7D876500110C55 /* ReachuDemoApp */;
			targetProxy = 176858A32E7D876600110C55 /* PBXContainerItemProxy */;
		};
/* End PBXTargetDependency section */

/* Begin XCBuildConfiguration section */
		176858AA2E7D876600110C55 /* Debug */ = {
			isa = XCBuildConfiguration;
			buildSettings = {
				ALWAYS_SEARCH_USER_PATHS = NO;
				ASSETCATALOG_COMPILER_GENERATE_SWIFT_ASSET_SYMBOL_EXTENSIONS = YES;
				CLANG_ANALYZER_NONNULL = YES;
				CLANG_ANALYZER_NUMBER_OBJECT_CONVERSION = YES_AGGRESSIVE;
				CLANG_CXX_LANGUAGE_STANDARD = "gnu++20";
				CLANG_ENABLE_MODULES = YES;
				CLANG_ENABLE_OBJC_ARC = YES;
				CLANG_ENABLE_OBJC_WEAK = YES;
				CLANG_WARN_BLOCK_CAPTURE_AUTORELEASING = YES;
				CLANG_WARN_BOOL_CONVERSION = YES;
				CLANG_WARN_COMMA = YES;
				CLANG_WARN_CONSTANT_CONVERSION = YES;
				CLANG_WARN_DEPRECATED_OBJC_IMPLEMENTATIONS = YES;
				CLANG_WARN_DIRECT_OBJC_ISA_USAGE = YES_ERROR;
				CLANG_WARN_DOCUMENTATION_COMMENTS = YES;
				CLANG_WARN_EMPTY_BODY = YES;
				CLANG_WARN_ENUM_CONVERSION = YES;
				CLANG_WARN_INFINITE_RECURSION = YES;
				CLANG_WARN_INT_CONVERSION = YES;
				CLANG_WARN_NON_LITERAL_NULL_CONVERSION = YES;
				CLANG_WARN_OBJC_IMPLICIT_RETAIN_SELF = YES;
				CLANG_WARN_OBJC_LITERAL_CONVERSION = YES;
				CLANG_WARN_OBJC_ROOT_CLASS = YES_ERROR;
				CLANG_WARN_QUOTED_INCLUDE_IN_FRAMEWORK_HEADER = YES;
				CLANG_WARN_RANGE_LOOP_ANALYSIS = YES;
				CLANG_WARN_STRICT_PROTOTYPES = YES;
				CLANG_WARN_SUSPICIOUS_MOVE = YES;
				CLANG_WARN_UNGUARDED_AVAILABILITY = YES_AGGRESSIVE;
				CLANG_WARN_UNREACHABLE_CODE = YES;
				CLANG_WARN__DUPLICATE_METHOD_MATCH = YES;
				COPY_PHASE_STRIP = NO;
				DEBUG_INFORMATION_FORMAT = dwarf;
				DEVELOPMENT_TEAM = U4R2B2U7E6;
				ENABLE_STRICT_OBJC_MSGSEND = YES;
				ENABLE_TESTABILITY = YES;
				ENABLE_USER_SCRIPT_SANDBOXING = YES;
				GCC_C_LANGUAGE_STANDARD = gnu17;
				GCC_DYNAMIC_NO_PIC = NO;
				GCC_NO_COMMON_BLOCKS = YES;
				GCC_OPTIMIZATION_LEVEL = 0;
				GCC_PREPROCESSOR_DEFINITIONS = (
					"DEBUG=1",
					"$(inherited)",
				);
				GCC_WARN_64_TO_32_BIT_CONVERSION = YES;
				GCC_WARN_ABOUT_RETURN_TYPE = YES_ERROR;
				GCC_WARN_UNDECLARED_SELECTOR = YES;
				GCC_WARN_UNINITIALIZED_AUTOS = YES_AGGRESSIVE;
				GCC_WARN_UNUSED_FUNCTION = YES;
				GCC_WARN_UNUSED_VARIABLE = YES;
				IPHONEOS_DEPLOYMENT_TARGET = 26.0;
				LOCALIZATION_PREFERS_STRING_CATALOGS = YES;
				MTL_ENABLE_DEBUG_INFO = INCLUDE_SOURCE;
				MTL_FAST_MATH = YES;
				ONLY_ACTIVE_ARCH = YES;
				SDKROOT = iphoneos;
				SWIFT_ACTIVE_COMPILATION_CONDITIONS = "DEBUG $(inherited)";
				SWIFT_OPTIMIZATION_LEVEL = "-Onone";
			};
			name = Debug;
		};
		176858AB2E7D876600110C55 /* Release */ = {
			isa = XCBuildConfiguration;
			buildSettings = {
				ALWAYS_SEARCH_USER_PATHS = NO;
				ASSETCATALOG_COMPILER_GENERATE_SWIFT_ASSET_SYMBOL_EXTENSIONS = YES;
				CLANG_ANALYZER_NONNULL = YES;
				CLANG_ANALYZER_NUMBER_OBJECT_CONVERSION = YES_AGGRESSIVE;
				CLANG_CXX_LANGUAGE_STANDARD = "gnu++20";
				CLANG_ENABLE_MODULES = YES;
				CLANG_ENABLE_OBJC_ARC = YES;
				CLANG_ENABLE_OBJC_WEAK = YES;
				CLANG_WARN_BLOCK_CAPTURE_AUTORELEASING = YES;
				CLANG_WARN_BOOL_CONVERSION = YES;
				CLANG_WARN_COMMA = YES;
				CLANG_WARN_CONSTANT_CONVERSION = YES;
				CLANG_WARN_DEPRECATED_OBJC_IMPLEMENTATIONS = YES;
				CLANG_WARN_DIRECT_OBJC_ISA_USAGE = YES_ERROR;
				CLANG_WARN_DOCUMENTATION_COMMENTS = YES;
				CLANG_WARN_EMPTY_BODY = YES;
				CLANG_WARN_ENUM_CONVERSION = YES;
				CLANG_WARN_INFINITE_RECURSION = YES;
				CLANG_WARN_INT_CONVERSION = YES;
				CLANG_WARN_NON_LITERAL_NULL_CONVERSION = YES;
				CLANG_WARN_OBJC_IMPLICIT_RETAIN_SELF = YES;
				CLANG_WARN_OBJC_LITERAL_CONVERSION = YES;
				CLANG_WARN_OBJC_ROOT_CLASS = YES_ERROR;
				CLANG_WARN_QUOTED_INCLUDE_IN_FRAMEWORK_HEADER = YES;
				CLANG_WARN_RANGE_LOOP_ANALYSIS = YES;
				CLANG_WARN_STRICT_PROTOTYPES = YES;
				CLANG_WARN_SUSPICIOUS_MOVE = YES;
				CLANG_WARN_UNGUARDED_AVAILABILITY = YES_AGGRESSIVE;
				CLANG_WARN_UNREACHABLE_CODE = YES;
				CLANG_WARN__DUPLICATE_METHOD_MATCH = YES;
				COPY_PHASE_STRIP = NO;
				DEBUG_INFORMATION_FORMAT = "dwarf-with-dsym";
				DEVELOPMENT_TEAM = U4R2B2U7E6;
				ENABLE_NS_ASSERTIONS = NO;
				ENABLE_STRICT_OBJC_MSGSEND = YES;
				ENABLE_USER_SCRIPT_SANDBOXING = YES;
				GCC_C_LANGUAGE_STANDARD = gnu17;
				GCC_NO_COMMON_BLOCKS = YES;
				GCC_WARN_64_TO_32_BIT_CONVERSION = YES;
				GCC_WARN_ABOUT_RETURN_TYPE = YES_ERROR;
				GCC_WARN_UNDECLARED_SELECTOR = YES;
				GCC_WARN_UNINITIALIZED_AUTOS = YES_AGGRESSIVE;
				GCC_WARN_UNUSED_FUNCTION = YES;
				GCC_WARN_UNUSED_VARIABLE = YES;
				IPHONEOS_DEPLOYMENT_TARGET = 26.0;
				LOCALIZATION_PREFERS_STRING_CATALOGS = YES;
				MTL_ENABLE_DEBUG_INFO = NO;
				MTL_FAST_MATH = YES;
				SDKROOT = iphoneos;
				SWIFT_COMPILATION_MODE = wholemodule;
				VALIDATE_PRODUCT = YES;
			};
			name = Release;
		};
		176858AD2E7D876600110C55 /* Debug */ = {
			isa = XCBuildConfiguration;
			buildSettings = {
				ASSETCATALOG_COMPILER_APPICON_NAME = AppIcon;
				ASSETCATALOG_COMPILER_GLOBAL_ACCENT_COLOR_NAME = AccentColor;
				CODE_SIGN_STYLE = Automatic;
				CURRENT_PROJECT_VERSION = 1;
				DEVELOPMENT_TEAM = U4R2B2U7E6;
				ENABLE_PREVIEWS = YES;
				GENERATE_INFOPLIST_FILE = YES;
				INFOPLIST_KEY_UIApplicationSceneManifest_Generation = YES;
				INFOPLIST_KEY_UIApplicationSupportsIndirectInputEvents = YES;
				INFOPLIST_KEY_UILaunchScreen_Generation = YES;
				INFOPLIST_KEY_UISupportedInterfaceOrientations_iPad = "UIInterfaceOrientationPortrait UIInterfaceOrientationPortraitUpsideDown UIInterfaceOrientationLandscapeLeft UIInterfaceOrientationLandscapeRight";
				INFOPLIST_KEY_UISupportedInterfaceOrientations_iPhone = "UIInterfaceOrientationPortrait UIInterfaceOrientationLandscapeLeft UIInterfaceOrientationLandscapeRight";
				LD_RUNPATH_SEARCH_PATHS = (
					"$(inherited)",
					"@executable_path/Frameworks",
				);
				MARKETING_VERSION = 1.0;
				PRODUCT_BUNDLE_IDENTIFIER = reachudev.ReachuDemoApp;
				PRODUCT_NAME = "$(TARGET_NAME)";
				STRING_CATALOG_GENERATE_SYMBOLS = YES;
				SWIFT_APPROACHABLE_CONCURRENCY = YES;
				SWIFT_DEFAULT_ACTOR_ISOLATION = MainActor;
				SWIFT_EMIT_LOC_STRINGS = YES;
				SWIFT_UPCOMING_FEATURE_MEMBER_IMPORT_VISIBILITY = YES;
				SWIFT_VERSION = 5.0;
				TARGETED_DEVICE_FAMILY = "1,2";
			};
			name = Debug;
		};
		176858AE2E7D876600110C55 /* Release */ = {
			isa = XCBuildConfiguration;
			buildSettings = {
				ASSETCATALOG_COMPILER_APPICON_NAME = AppIcon;
				ASSETCATALOG_COMPILER_GLOBAL_ACCENT_COLOR_NAME = AccentColor;
				CODE_SIGN_STYLE = Automatic;
				CURRENT_PROJECT_VERSION = 1;
				DEVELOPMENT_TEAM = U4R2B2U7E6;
				ENABLE_PREVIEWS = YES;
				GENERATE_INFOPLIST_FILE = YES;
				INFOPLIST_KEY_UIApplicationSceneManifest_Generation = YES;
				INFOPLIST_KEY_UIApplicationSupportsIndirectInputEvents = YES;
				INFOPLIST_KEY_UILaunchScreen_Generation = YES;
				INFOPLIST_KEY_UISupportedInterfaceOrientations_iPad = "UIInterfaceOrientationPortrait UIInterfaceOrientationPortraitUpsideDown UIInterfaceOrientationLandscapeLeft UIInterfaceOrientationLandscapeRight";
				INFOPLIST_KEY_UISupportedInterfaceOrientations_iPhone = "UIInterfaceOrientationPortrait UIInterfaceOrientationLandscapeLeft UIInterfaceOrientationLandscapeRight";
				LD_RUNPATH_SEARCH_PATHS = (
					"$(inherited)",
					"@executable_path/Frameworks",
				);
				MARKETING_VERSION = 1.0;
				PRODUCT_BUNDLE_IDENTIFIER = reachudev.ReachuDemoApp;
				PRODUCT_NAME = "$(TARGET_NAME)";
				STRING_CATALOG_GENERATE_SYMBOLS = YES;
				SWIFT_APPROACHABLE_CONCURRENCY = YES;
				SWIFT_DEFAULT_ACTOR_ISOLATION = MainActor;
				SWIFT_EMIT_LOC_STRINGS = YES;
				SWIFT_UPCOMING_FEATURE_MEMBER_IMPORT_VISIBILITY = YES;
				SWIFT_VERSION = 5.0;
				TARGETED_DEVICE_FAMILY = "1,2";
			};
			name = Release;
		};
		176858B02E7D876600110C55 /* Debug */ = {
			isa = XCBuildConfiguration;
			buildSettings = {
				BUNDLE_LOADER = "$(TEST_HOST)";
				CODE_SIGN_STYLE = Automatic;
				CURRENT_PROJECT_VERSION = 1;
				DEVELOPMENT_TEAM = U4R2B2U7E6;
				GENERATE_INFOPLIST_FILE = YES;
				IPHONEOS_DEPLOYMENT_TARGET = 26.0;
				MARKETING_VERSION = 1.0;
				PRODUCT_BUNDLE_IDENTIFIER = reachudev.ReachuDemoAppTests;
				PRODUCT_NAME = "$(TARGET_NAME)";
				STRING_CATALOG_GENERATE_SYMBOLS = NO;
				SWIFT_APPROACHABLE_CONCURRENCY = YES;
				SWIFT_EMIT_LOC_STRINGS = NO;
				SWIFT_UPCOMING_FEATURE_MEMBER_IMPORT_VISIBILITY = YES;
				SWIFT_VERSION = 5.0;
				TARGETED_DEVICE_FAMILY = "1,2";
				TEST_HOST = "$(BUILT_PRODUCTS_DIR)/ReachuDemoApp.app/$(BUNDLE_EXECUTABLE_FOLDER_PATH)/ReachuDemoApp";
			};
			name = Debug;
		};
		176858B12E7D876600110C55 /* Release */ = {
			isa = XCBuildConfiguration;
			buildSettings = {
				BUNDLE_LOADER = "$(TEST_HOST)";
				CODE_SIGN_STYLE = Automatic;
				CURRENT_PROJECT_VERSION = 1;
				DEVELOPMENT_TEAM = U4R2B2U7E6;
				GENERATE_INFOPLIST_FILE = YES;
				IPHONEOS_DEPLOYMENT_TARGET = 26.0;
				MARKETING_VERSION = 1.0;
				PRODUCT_BUNDLE_IDENTIFIER = reachudev.ReachuDemoAppTests;
				PRODUCT_NAME = "$(TARGET_NAME)";
				STRING_CATALOG_GENERATE_SYMBOLS = NO;
				SWIFT_APPROACHABLE_CONCURRENCY = YES;
				SWIFT_EMIT_LOC_STRINGS = NO;
				SWIFT_UPCOMING_FEATURE_MEMBER_IMPORT_VISIBILITY = YES;
				SWIFT_VERSION = 5.0;
				TARGETED_DEVICE_FAMILY = "1,2";
				TEST_HOST = "$(BUILT_PRODUCTS_DIR)/ReachuDemoApp.app/$(BUNDLE_EXECUTABLE_FOLDER_PATH)/ReachuDemoApp";
			};
			name = Release;
		};
		176858B32E7D876600110C55 /* Debug */ = {
			isa = XCBuildConfiguration;
			buildSettings = {
				CODE_SIGN_STYLE = Automatic;
				CURRENT_PROJECT_VERSION = 1;
				DEVELOPMENT_TEAM = U4R2B2U7E6;
				GENERATE_INFOPLIST_FILE = YES;
				MARKETING_VERSION = 1.0;
				PRODUCT_BUNDLE_IDENTIFIER = reachudev.ReachuDemoAppUITests;
				PRODUCT_NAME = "$(TARGET_NAME)";
				STRING_CATALOG_GENERATE_SYMBOLS = NO;
				SWIFT_APPROACHABLE_CONCURRENCY = YES;
				SWIFT_EMIT_LOC_STRINGS = NO;
				SWIFT_UPCOMING_FEATURE_MEMBER_IMPORT_VISIBILITY = YES;
				SWIFT_VERSION = 5.0;
				TARGETED_DEVICE_FAMILY = "1,2";
				TEST_TARGET_NAME = ReachuDemoApp;
			};
			name = Debug;
		};
		176858B42E7D876600110C55 /* Release */ = {
			isa = XCBuildConfiguration;
			buildSettings = {
				CODE_SIGN_STYLE = Automatic;
				CURRENT_PROJECT_VERSION = 1;
				DEVELOPMENT_TEAM = U4R2B2U7E6;
				GENERATE_INFOPLIST_FILE = YES;
				MARKETING_VERSION = 1.0;
				PRODUCT_BUNDLE_IDENTIFIER = reachudev.ReachuDemoAppUITests;
				PRODUCT_NAME = "$(TARGET_NAME)";
				STRING_CATALOG_GENERATE_SYMBOLS = NO;
				SWIFT_APPROACHABLE_CONCURRENCY = YES;
				SWIFT_EMIT_LOC_STRINGS = NO;
				SWIFT_UPCOMING_FEATURE_MEMBER_IMPORT_VISIBILITY = YES;
				SWIFT_VERSION = 5.0;
				TARGETED_DEVICE_FAMILY = "1,2";
				TEST_TARGET_NAME = ReachuDemoApp;
			};
			name = Release;
		};
/* End XCBuildConfiguration section */

/* Begin XCConfigurationList section */
		176858812E7D876400110C55 /* Build configuration list for PBXProject "ReachuDemoApp" */ = {
			isa = XCConfigurationList;
			buildConfigurations = (
				176858AA2E7D876600110C55 /* Debug */,
				176858AB2E7D876600110C55 /* Release */,
			);
			defaultConfigurationIsVisible = 0;
			defaultConfigurationName = Release;
		};
		176858AC2E7D876600110C55 /* Build configuration list for PBXNativeTarget "ReachuDemoApp" */ = {
			isa = XCConfigurationList;
			buildConfigurations = (
				176858AD2E7D876600110C55 /* Debug */,
				176858AE2E7D876600110C55 /* Release */,
			);
			defaultConfigurationIsVisible = 0;
			defaultConfigurationName = Release;
		};
		176858AF2E7D876600110C55 /* Build configuration list for PBXNativeTarget "ReachuDemoAppTests" */ = {
			isa = XCConfigurationList;
			buildConfigurations = (
				176858B02E7D876600110C55 /* Debug */,
				176858B12E7D876600110C55 /* Release */,
			);
			defaultConfigurationIsVisible = 0;
			defaultConfigurationName = Release;
		};
		176858B22E7D876600110C55 /* Build configuration list for PBXNativeTarget "ReachuDemoAppUITests" */ = {
			isa = XCConfigurationList;
			buildConfigurations = (
				176858B32E7D876600110C55 /* Debug */,
				176858B42E7D876600110C55 /* Release */,
			);
			defaultConfigurationIsVisible = 0;
			defaultConfigurationName = Release;
		};
/* End XCConfigurationList section */

/* Begin XCLocalSwiftPackageReference section */
		176858B62E7D89B300110C55 /* XCLocalSwiftPackageReference "../.." */ = {
			isa = XCLocalSwiftPackageReference;
			relativePath = ../..;
		};
/* End XCLocalSwiftPackageReference section */

/* Begin XCSwiftPackageProductDependency section */
		176858B72E7D89B300110C55 /* ReachuDesignSystem */ = {
			isa = XCSwiftPackageProductDependency;
			productName = ReachuDesignSystem;
		};
		176858EC2E7F372400110C55 /* ReachuUI */ = {
			isa = XCSwiftPackageProductDependency;
			productName = ReachuUI;
		};
		176859322E82D1E500110C55 /* ReachuLiveShow */ = {
			isa = XCSwiftPackageProductDependency;
			productName = ReachuLiveShow;
		};
		17BD21FB2E84904E00853E53 /* ReachuLiveShow */ = {
			isa = XCSwiftPackageProductDependency;
			productName = ReachuLiveShow;
		};
		17BD21FD2E84904E00853E53 /* ReachuLiveUI */ = {
			isa = XCSwiftPackageProductDependency;
			productName = ReachuLiveUI;
		};
/* End XCSwiftPackageProductDependency section */
	};
	rootObject = 1768587E2E7D876400110C55 /* Project object */;
}
