// !$*UTF8*$!
{
	archiveVersion = 1;
	classes = {
	};
	objectVersion = 77;
	objects = {

/* Begin PBXBuildFile section */
		D0A5AD682EB3F99E00A8D4B5 /* ReachuComplete in Frameworks */ = {isa = PBXBuildFile; productRef = D0A5AD672EB3F99E00A8D4B5 /* ReachuComplete */; };
		D0A5AD6A2EB3F99E00A8D4B5 /* ReachuCore in Frameworks */ = {isa = PBXBuildFile; productRef = D0A5AD692EB3F99E00A8D4B5 /* ReachuCore */; };
		D0A5AD6C2EB3F99E00A8D4B5 /* ReachuDesignSystem in Frameworks */ = {isa = PBXBuildFile; productRef = D0A5AD6B2EB3F99E00A8D4B5 /* ReachuDesignSystem */; };
		D0A5AD6E2EB3F99E00A8D4B5 /* ReachuLiveShow in Frameworks */ = {isa = PBXBuildFile; productRef = D0A5AD6D2EB3F99E00A8D4B5 /* ReachuLiveShow */; };
		D0A5AD702EB3F99E00A8D4B5 /* ReachuLiveUI in Frameworks */ = {isa = PBXBuildFile; productRef = D0A5AD6F2EB3F99E00A8D4B5 /* ReachuLiveUI */; };
/* End PBXBuildFile section */

/* Begin PBXContainerItemProxy section */
		17B230D12EAF88A600EBA3F8 /* PBXContainerItemProxy */ = {
			isa = PBXContainerItemProxy;
			containerPortal = 17B230B62EAF88A400EBA3F8 /* Project object */;
			proxyType = 1;
			remoteGlobalIDString = 17B230BD2EAF88A400EBA3F8;
			remoteInfo = Vg;
		};
		17B230DB2EAF88A700EBA3F8 /* PBXContainerItemProxy */ = {
			isa = PBXContainerItemProxy;
			containerPortal = 17B230B62EAF88A400EBA3F8 /* Project object */;
			proxyType = 1;
			remoteGlobalIDString = 17B230BD2EAF88A400EBA3F8;
			remoteInfo = Vg;
		};
/* End PBXContainerItemProxy section */

/* Begin PBXFileReference section */
		17B230BE2EAF88A400EBA3F8 /* Vg.app */ = {isa = PBXFileReference; explicitFileType = wrapper.application; includeInIndex = 0; path = Vg.app; sourceTree = BUILT_PRODUCTS_DIR; };
		17B230D02EAF88A600EBA3F8 /* VgTests.xctest */ = {isa = PBXFileReference; explicitFileType = wrapper.cfbundle; includeInIndex = 0; path = VgTests.xctest; sourceTree = BUILT_PRODUCTS_DIR; };
		17B230DA2EAF88A700EBA3F8 /* VgUITests.xctest */ = {isa = PBXFileReference; explicitFileType = wrapper.cfbundle; includeInIndex = 0; path = VgUITests.xctest; sourceTree = BUILT_PRODUCTS_DIR; };
/* End PBXFileReference section */

/* Begin PBXFileSystemSynchronizedRootGroup section */
		17B230C02EAF88A400EBA3F8 /* Vg */ = {
			isa = PBXFileSystemSynchronizedRootGroup;
			path = Vg;
			sourceTree = "<group>";
		};
		17B230D32EAF88A600EBA3F8 /* VgTests */ = {
			isa = PBXFileSystemSynchronizedRootGroup;
			path = VgTests;
			sourceTree = "<group>";
		};
		17B230DD2EAF88A700EBA3F8 /* VgUITests */ = {
			isa = PBXFileSystemSynchronizedRootGroup;
			path = VgUITests;
			sourceTree = "<group>";
		};
/* End PBXFileSystemSynchronizedRootGroup section */

/* Begin PBXFrameworksBuildPhase section */
		17B230BB2EAF88A400EBA3F8 /* Frameworks */ = {
			isa = PBXFrameworksBuildPhase;
			buildActionMask = 2147483647;
			files = (
				D0A5AD702EB3F99E00A8D4B5 /* ReachuLiveUI in Frameworks */,
				D0A5AD682EB3F99E00A8D4B5 /* ReachuComplete in Frameworks */,
				D0A5AD6A2EB3F99E00A8D4B5 /* ReachuCore in Frameworks */,
				D0A5AD6C2EB3F99E00A8D4B5 /* ReachuDesignSystem in Frameworks */,
				D0A5AD6E2EB3F99E00A8D4B5 /* ReachuLiveShow in Frameworks */,
			);
			runOnlyForDeploymentPostprocessing = 0;
		};
		17B230CD2EAF88A600EBA3F8 /* Frameworks */ = {
			isa = PBXFrameworksBuildPhase;
			buildActionMask = 2147483647;
			files = (
			);
			runOnlyForDeploymentPostprocessing = 0;
		};
		17B230D72EAF88A700EBA3F8 /* Frameworks */ = {
			isa = PBXFrameworksBuildPhase;
			buildActionMask = 2147483647;
			files = (
			);
			runOnlyForDeploymentPostprocessing = 0;
		};
/* End PBXFrameworksBuildPhase section */

/* Begin PBXGroup section */
		17B230B52EAF88A400EBA3F8 = {
			isa = PBXGroup;
			children = (
				17B230C02EAF88A400EBA3F8 /* Vg */,
				17B230D32EAF88A600EBA3F8 /* VgTests */,
				17B230DD2EAF88A700EBA3F8 /* VgUITests */,
				17B230BF2EAF88A400EBA3F8 /* Products */,
			);
			sourceTree = "<group>";
		};
		17B230BF2EAF88A400EBA3F8 /* Products */ = {
			isa = PBXGroup;
			children = (
				17B230BE2EAF88A400EBA3F8 /* Vg.app */,
				17B230D02EAF88A600EBA3F8 /* VgTests.xctest */,
				17B230DA2EAF88A700EBA3F8 /* VgUITests.xctest */,
			);
			name = Products;
			sourceTree = "<group>";
		};
/* End PBXGroup section */

/* Begin PBXNativeTarget section */
		17B230BD2EAF88A400EBA3F8 /* Vg */ = {
			isa = PBXNativeTarget;
			buildConfigurationList = 17B230E42EAF88A700EBA3F8 /* Build configuration list for PBXNativeTarget "Vg" */;
			buildPhases = (
				17B230BA2EAF88A400EBA3F8 /* Sources */,
				17B230BB2EAF88A400EBA3F8 /* Frameworks */,
				17B230BC2EAF88A400EBA3F8 /* Resources */,
			);
			buildRules = (
			);
			dependencies = (
			);
			fileSystemSynchronizedGroups = (
				17B230C02EAF88A400EBA3F8 /* Vg */,
			);
			name = Vg;
			packageProductDependencies = (
				D0A5AD672EB3F99E00A8D4B5 /* ReachuComplete */,
				D0A5AD692EB3F99E00A8D4B5 /* ReachuCore */,
				D0A5AD6B2EB3F99E00A8D4B5 /* ReachuDesignSystem */,
				D0A5AD6D2EB3F99E00A8D4B5 /* ReachuLiveShow */,
				D0A5AD6F2EB3F99E00A8D4B5 /* ReachuLiveUI */,
			);
			productName = Vg;
			productReference = 17B230BE2EAF88A400EBA3F8 /* Vg.app */;
			productType = "com.apple.product-type.application";
		};
		17B230CF2EAF88A600EBA3F8 /* VgTests */ = {
			isa = PBXNativeTarget;
			buildConfigurationList = 17B230E72EAF88A700EBA3F8 /* Build configuration list for PBXNativeTarget "VgTests" */;
			buildPhases = (
				17B230CC2EAF88A600EBA3F8 /* Sources */,
				17B230CD2EAF88A600EBA3F8 /* Frameworks */,
				17B230CE2EAF88A600EBA3F8 /* Resources */,
			);
			buildRules = (
			);
			dependencies = (
				17B230D22EAF88A600EBA3F8 /* PBXTargetDependency */,
			);
			fileSystemSynchronizedGroups = (
				17B230D32EAF88A600EBA3F8 /* VgTests */,
			);
			name = VgTests;
			packageProductDependencies = (
			);
			productName = VgTests;
			productReference = 17B230D02EAF88A600EBA3F8 /* VgTests.xctest */;
			productType = "com.apple.product-type.bundle.unit-test";
		};
		17B230D92EAF88A700EBA3F8 /* VgUITests */ = {
			isa = PBXNativeTarget;
			buildConfigurationList = 17B230EA2EAF88A700EBA3F8 /* Build configuration list for PBXNativeTarget "VgUITests" */;
			buildPhases = (
				17B230D62EAF88A700EBA3F8 /* Sources */,
				17B230D72EAF88A700EBA3F8 /* Frameworks */,
				17B230D82EAF88A700EBA3F8 /* Resources */,
			);
			buildRules = (
			);
			dependencies = (
				17B230DC2EAF88A700EBA3F8 /* PBXTargetDependency */,
			);
			fileSystemSynchronizedGroups = (
				17B230DD2EAF88A700EBA3F8 /* VgUITests */,
			);
			name = VgUITests;
			packageProductDependencies = (
			);
			productName = VgUITests;
			productReference = 17B230DA2EAF88A700EBA3F8 /* VgUITests.xctest */;
			productType = "com.apple.product-type.bundle.ui-testing";
		};
/* End PBXNativeTarget section */

/* Begin PBXProject section */
		17B230B62EAF88A400EBA3F8 /* Project object */ = {
			isa = PBXProject;
			attributes = {
				BuildIndependentTargetsInParallel = 1;
				LastSwiftUpdateCheck = 2600;
				LastUpgradeCheck = 2600;
				TargetAttributes = {
					17B230BD2EAF88A400EBA3F8 = {
						CreatedOnToolsVersion = 26.0;
					};
					17B230CF2EAF88A600EBA3F8 = {
						CreatedOnToolsVersion = 26.0;
						TestTargetID = 17B230BD2EAF88A400EBA3F8;
					};
					17B230D92EAF88A700EBA3F8 = {
						CreatedOnToolsVersion = 26.0;
						TestTargetID = 17B230BD2EAF88A400EBA3F8;
					};
				};
			};
			buildConfigurationList = 17B230B92EAF88A400EBA3F8 /* Build configuration list for PBXProject "Vg" */;
			developmentRegion = en;
			hasScannedForEncodings = 0;
			knownRegions = (
				en,
				Base,
			);
			mainGroup = 17B230B52EAF88A400EBA3F8;
			minimizedProjectReferenceProxies = 1;
			packageReferences = (
				D0A5AD662EB3F99E00A8D4B5 /* XCLocalSwiftPackageReference "../../../ReachuSwiftSDK" */,
			);
			preferredProjectObjectVersion = 77;
			productRefGroup = 17B230BF2EAF88A400EBA3F8 /* Products */;
			projectDirPath = "";
			projectRoot = "";
			targets = (
				17B230BD2EAF88A400EBA3F8 /* Vg */,
				17B230CF2EAF88A600EBA3F8 /* VgTests */,
				17B230D92EAF88A700EBA3F8 /* VgUITests */,
			);
		};
/* End PBXProject section */

/* Begin PBXResourcesBuildPhase section */
		17B230BC2EAF88A400EBA3F8 /* Resources */ = {
			isa = PBXResourcesBuildPhase;
			buildActionMask = 2147483647;
			files = (
			);
			runOnlyForDeploymentPostprocessing = 0;
		};
		17B230CE2EAF88A600EBA3F8 /* Resources */ = {
			isa = PBXResourcesBuildPhase;
			buildActionMask = 2147483647;
			files = (
			);
			runOnlyForDeploymentPostprocessing = 0;
		};
		17B230D82EAF88A700EBA3F8 /* Resources */ = {
			isa = PBXResourcesBuildPhase;
			buildActionMask = 2147483647;
			files = (
			);
			runOnlyForDeploymentPostprocessing = 0;
		};
/* End PBXResourcesBuildPhase section */

/* Begin PBXSourcesBuildPhase section */
		17B230BA2EAF88A400EBA3F8 /* Sources */ = {
			isa = PBXSourcesBuildPhase;
			buildActionMask = 2147483647;
			files = (
			);
			runOnlyForDeploymentPostprocessing = 0;
		};
		17B230CC2EAF88A600EBA3F8 /* Sources */ = {
			isa = PBXSourcesBuildPhase;
			buildActionMask = 2147483647;
			files = (
			);
			runOnlyForDeploymentPostprocessing = 0;
		};
		17B230D62EAF88A700EBA3F8 /* Sources */ = {
			isa = PBXSourcesBuildPhase;
			buildActionMask = 2147483647;
			files = (
			);
			runOnlyForDeploymentPostprocessing = 0;
		};
/* End PBXSourcesBuildPhase section */

/* Begin PBXTargetDependency section */
		17B230D22EAF88A600EBA3F8 /* PBXTargetDependency */ = {
			isa = PBXTargetDependency;
			target = 17B230BD2EAF88A400EBA3F8 /* Vg */;
			targetProxy = 17B230D12EAF88A600EBA3F8 /* PBXContainerItemProxy */;
		};
		17B230DC2EAF88A700EBA3F8 /* PBXTargetDependency */ = {
			isa = PBXTargetDependency;
			target = 17B230BD2EAF88A400EBA3F8 /* Vg */;
			targetProxy = 17B230DB2EAF88A700EBA3F8 /* PBXContainerItemProxy */;
		};
/* End PBXTargetDependency section */

/* Begin XCBuildConfiguration section */
		17B230E22EAF88A700EBA3F8 /* Debug */ = {
			isa = XCBuildConfiguration;
			buildSettings = {
				ALWAYS_SEARCH_USER_PATHS = NO;
				ASSETCATALOG_COMPILER_GENERATE_SWIFT_ASSET_SYMBOL_EXTENSIONS = YES;
				CLANG_ANALYZER_NONNULL = YES;
				CLANG_ANALYZER_NUMBER_OBJECT_CONVERSION = YES_AGGRESSIVE;
				CLANG_CXX_LANGUAGE_STANDARD = "gnu++20";
				CLANG_ENABLE_MODULES = YES;
				CLANG_ENABLE_OBJC_ARC = YES;
				CLANG_ENABLE_OBJC_WEAK = YES;
				CLANG_WARN_BLOCK_CAPTURE_AUTORELEASING = YES;
				CLANG_WARN_BOOL_CONVERSION = YES;
				CLANG_WARN_COMMA = YES;
				CLANG_WARN_CONSTANT_CONVERSION = YES;
				CLANG_WARN_DEPRECATED_OBJC_IMPLEMENTATIONS = YES;
				CLANG_WARN_DIRECT_OBJC_ISA_USAGE = YES_ERROR;
				CLANG_WARN_DOCUMENTATION_COMMENTS = YES;
				CLANG_WARN_EMPTY_BODY = YES;
				CLANG_WARN_ENUM_CONVERSION = YES;
				CLANG_WARN_INFINITE_RECURSION = YES;
				CLANG_WARN_INT_CONVERSION = YES;
				CLANG_WARN_NON_LITERAL_NULL_CONVERSION = YES;
				CLANG_WARN_OBJC_IMPLICIT_RETAIN_SELF = YES;
				CLANG_WARN_OBJC_LITERAL_CONVERSION = YES;
				CLANG_WARN_OBJC_ROOT_CLASS = YES_ERROR;
				CLANG_WARN_QUOTED_INCLUDE_IN_FRAMEWORK_HEADER = YES;
				CLANG_WARN_RANGE_LOOP_ANALYSIS = YES;
				CLANG_WARN_STRICT_PROTOTYPES = YES;
				CLANG_WARN_SUSPICIOUS_MOVE = YES;
				CLANG_WARN_UNGUARDED_AVAILABILITY = YES_AGGRESSIVE;
				CLANG_WARN_UNREACHABLE_CODE = YES;
				CLANG_WARN__DUPLICATE_METHOD_MATCH = YES;
				COPY_PHASE_STRIP = NO;
				DEBUG_INFORMATION_FORMAT = dwarf;
				DEVELOPMENT_TEAM = U4R2B2U7E6;
				ENABLE_STRICT_OBJC_MSGSEND = YES;
				ENABLE_TESTABILITY = YES;
				ENABLE_USER_SCRIPT_SANDBOXING = YES;
				GCC_C_LANGUAGE_STANDARD = gnu17;
				GCC_DYNAMIC_NO_PIC = NO;
				GCC_NO_COMMON_BLOCKS = YES;
				GCC_OPTIMIZATION_LEVEL = 0;
				GCC_PREPROCESSOR_DEFINITIONS = (
					"DEBUG=1",
					"$(inherited)",
				);
				GCC_WARN_64_TO_32_BIT_CONVERSION = YES;
				GCC_WARN_ABOUT_RETURN_TYPE = YES_ERROR;
				GCC_WARN_UNDECLARED_SELECTOR = YES;
				GCC_WARN_UNINITIALIZED_AUTOS = YES_AGGRESSIVE;
				GCC_WARN_UNUSED_FUNCTION = YES;
				GCC_WARN_UNUSED_VARIABLE = YES;
				IPHONEOS_DEPLOYMENT_TARGET = 15.0;
				LOCALIZATION_PREFERS_STRING_CATALOGS = YES;
				MTL_ENABLE_DEBUG_INFO = INCLUDE_SOURCE;
				MTL_FAST_MATH = YES;
				ONLY_ACTIVE_ARCH = YES;
				SDKROOT = iphoneos;
				SWIFT_ACTIVE_COMPILATION_CONDITIONS = "DEBUG $(inherited)";
				SWIFT_OPTIMIZATION_LEVEL = "-Onone";
			};
			name = Debug;
		};
		17B230E32EAF88A700EBA3F8 /* Release */ = {
			isa = XCBuildConfiguration;
			buildSettings = {
				ALWAYS_SEARCH_USER_PATHS = NO;
				ASSETCATALOG_COMPILER_GENERATE_SWIFT_ASSET_SYMBOL_EXTENSIONS = YES;
				CLANG_ANALYZER_NONNULL = YES;
				CLANG_ANALYZER_NUMBER_OBJECT_CONVERSION = YES_AGGRESSIVE;
				CLANG_CXX_LANGUAGE_STANDARD = "gnu++20";
				CLANG_ENABLE_MODULES = YES;
				CLANG_ENABLE_OBJC_ARC = YES;
				CLANG_ENABLE_OBJC_WEAK = YES;
				CLANG_WARN_BLOCK_CAPTURE_AUTORELEASING = YES;
				CLANG_WARN_BOOL_CONVERSION = YES;
				CLANG_WARN_COMMA = YES;
				CLANG_WARN_CONSTANT_CONVERSION = YES;
				CLANG_WARN_DEPRECATED_OBJC_IMPLEMENTATIONS = YES;
				CLANG_WARN_DIRECT_OBJC_ISA_USAGE = YES_ERROR;
				CLANG_WARN_DOCUMENTATION_COMMENTS = YES;
				CLANG_WARN_EMPTY_BODY = YES;
				CLANG_WARN_ENUM_CONVERSION = YES;
				CLANG_WARN_INFINITE_RECURSION = YES;
				CLANG_WARN_INT_CONVERSION = YES;
				CLANG_WARN_NON_LITERAL_NULL_CONVERSION = YES;
				CLANG_WARN_OBJC_IMPLICIT_RETAIN_SELF = YES;
				CLANG_WARN_OBJC_LITERAL_CONVERSION = YES;
				CLANG_WARN_OBJC_ROOT_CLASS = YES_ERROR;
				CLANG_WARN_QUOTED_INCLUDE_IN_FRAMEWORK_HEADER = YES;
				CLANG_WARN_RANGE_LOOP_ANALYSIS = YES;
				CLANG_WARN_STRICT_PROTOTYPES = YES;
				CLANG_WARN_SUSPICIOUS_MOVE = YES;
				CLANG_WARN_UNGUARDED_AVAILABILITY = YES_AGGRESSIVE;
				CLANG_WARN_UNREACHABLE_CODE = YES;
				CLANG_WARN__DUPLICATE_METHOD_MATCH = YES;
				COPY_PHASE_STRIP = NO;
				DEBUG_INFORMATION_FORMAT = "dwarf-with-dsym";
				DEVELOPMENT_TEAM = U4R2B2U7E6;
				ENABLE_NS_ASSERTIONS = NO;
				ENABLE_STRICT_OBJC_MSGSEND = YES;
				ENABLE_USER_SCRIPT_SANDBOXING = YES;
				GCC_C_LANGUAGE_STANDARD = gnu17;
				GCC_NO_COMMON_BLOCKS = YES;
				GCC_WARN_64_TO_32_BIT_CONVERSION = YES;
				GCC_WARN_ABOUT_RETURN_TYPE = YES_ERROR;
				GCC_WARN_UNDECLARED_SELECTOR = YES;
				GCC_WARN_UNINITIALIZED_AUTOS = YES_AGGRESSIVE;
				GCC_WARN_UNUSED_FUNCTION = YES;
				GCC_WARN_UNUSED_VARIABLE = YES;
				IPHONEOS_DEPLOYMENT_TARGET = 15.0;
				LOCALIZATION_PREFERS_STRING_CATALOGS = YES;
				MTL_ENABLE_DEBUG_INFO = NO;
				MTL_FAST_MATH = YES;
				SDKROOT = iphoneos;
				SWIFT_COMPILATION_MODE = wholemodule;
				VALIDATE_PRODUCT = YES;
			};
			name = Release;
		};
		17B230E52EAF88A700EBA3F8 /* Debug */ = {
			isa = XCBuildConfiguration;
			buildSettings = {
				ASSETCATALOG_COMPILER_APPICON_NAME = AppIcon;
				ASSETCATALOG_COMPILER_GLOBAL_ACCENT_COLOR_NAME = AccentColor;
				CODE_SIGN_STYLE = Automatic;
				CURRENT_PROJECT_VERSION = 1;
				DEVELOPMENT_TEAM = U4R2B2U7E6;
				ENABLE_PREVIEWS = YES;
				GENERATE_INFOPLIST_FILE = YES;
				INFOPLIST_KEY_UIApplicationSceneManifest_Generation = YES;
				INFOPLIST_KEY_UIApplicationSupportsIndirectInputEvents = YES;
				INFOPLIST_KEY_UILaunchScreen_Generation = YES;
				INFOPLIST_KEY_UISupportedInterfaceOrientations_iPad = "UIInterfaceOrientationPortrait UIInterfaceOrientationPortraitUpsideDown UIInterfaceOrientationLandscapeLeft UIInterfaceOrientationLandscapeRight";
				INFOPLIST_KEY_UISupportedInterfaceOrientations_iPhone = "UIInterfaceOrientationPortrait UIInterfaceOrientationLandscapeLeft UIInterfaceOrientationLandscapeRight";
				LD_RUNPATH_SEARCH_PATHS = (
					"$(inherited)",
					"@executable_path/Frameworks",
				);
				MARKETING_VERSION = 1.0;
				PRODUCT_BUNDLE_IDENTIFIER = reachudev.Vg;
				PRODUCT_NAME = "$(TARGET_NAME)";
				STRING_CATALOG_GENERATE_SYMBOLS = YES;
				SWIFT_APPROACHABLE_CONCURRENCY = YES;
				SWIFT_DEFAULT_ACTOR_ISOLATION = MainActor;
				SWIFT_EMIT_LOC_STRINGS = YES;
				SWIFT_UPCOMING_FEATURE_MEMBER_IMPORT_VISIBILITY = YES;
				SWIFT_VERSION = 5.0;
				TARGETED_DEVICE_FAMILY = "1,2";
			};
			name = Debug;
		};
		17B230E62EAF88A700EBA3F8 /* Release */ = {
			isa = XCBuildConfiguration;
			buildSettings = {
				ASSETCATALOG_COMPILER_APPICON_NAME = AppIcon;
				ASSETCATALOG_COMPILER_GLOBAL_ACCENT_COLOR_NAME = AccentColor;
				CODE_SIGN_STYLE = Automatic;
				CURRENT_PROJECT_VERSION = 1;
				DEVELOPMENT_TEAM = U4R2B2U7E6;
				ENABLE_PREVIEWS = YES;
				GENERATE_INFOPLIST_FILE = YES;
				INFOPLIST_KEY_UIApplicationSceneManifest_Generation = YES;
				INFOPLIST_KEY_UIApplicationSupportsIndirectInputEvents = YES;
				INFOPLIST_KEY_UILaunchScreen_Generation = YES;
				INFOPLIST_KEY_UISupportedInterfaceOrientations_iPad = "UIInterfaceOrientationPortrait UIInterfaceOrientationPortraitUpsideDown UIInterfaceOrientationLandscapeLeft UIInterfaceOrientationLandscapeRight";
				INFOPLIST_KEY_UISupportedInterfaceOrientations_iPhone = "UIInterfaceOrientationPortrait UIInterfaceOrientationLandscapeLeft UIInterfaceOrientationLandscapeRight";
				LD_RUNPATH_SEARCH_PATHS = (
					"$(inherited)",
					"@executable_path/Frameworks",
				);
				MARKETING_VERSION = 1.0;
				PRODUCT_BUNDLE_IDENTIFIER = reachudev.Vg;
				PRODUCT_NAME = "$(TARGET_NAME)";
				STRING_CATALOG_GENERATE_SYMBOLS = YES;
				SWIFT_APPROACHABLE_CONCURRENCY = YES;
				SWIFT_DEFAULT_ACTOR_ISOLATION = MainActor;
				SWIFT_EMIT_LOC_STRINGS = YES;
				SWIFT_UPCOMING_FEATURE_MEMBER_IMPORT_VISIBILITY = YES;
				SWIFT_VERSION = 5.0;
				TARGETED_DEVICE_FAMILY = "1,2";
			};
			name = Release;
		};
		17B230E82EAF88A700EBA3F8 /* Debug */ = {
			isa = XCBuildConfiguration;
			buildSettings = {
				BUNDLE_LOADER = "$(TEST_HOST)";
				CODE_SIGN_STYLE = Automatic;
				CURRENT_PROJECT_VERSION = 1;
				DEVELOPMENT_TEAM = U4R2B2U7E6;
				GENERATE_INFOPLIST_FILE = YES;
				IPHONEOS_DEPLOYMENT_TARGET = 15.0;
				MARKETING_VERSION = 1.0;
				PRODUCT_BUNDLE_IDENTIFIER = reachudev.VgTests;
				PRODUCT_NAME = "$(TARGET_NAME)";
				STRING_CATALOG_GENERATE_SYMBOLS = NO;
				SWIFT_APPROACHABLE_CONCURRENCY = YES;
				SWIFT_EMIT_LOC_STRINGS = NO;
				SWIFT_UPCOMING_FEATURE_MEMBER_IMPORT_VISIBILITY = YES;
				SWIFT_VERSION = 5.0;
				TARGETED_DEVICE_FAMILY = "1,2";
				TEST_HOST = "$(BUILT_PRODUCTS_DIR)/Vg.app/$(BUNDLE_EXECUTABLE_FOLDER_PATH)/Vg";
			};
			name = Debug;
		};
		17B230E92EAF88A700EBA3F8 /* Release */ = {
			isa = XCBuildConfiguration;
			buildSettings = {
				BUNDLE_LOADER = "$(TEST_HOST)";
				CODE_SIGN_STYLE = Automatic;
				CURRENT_PROJECT_VERSION = 1;
				DEVELOPMENT_TEAM = U4R2B2U7E6;
				GENERATE_INFOPLIST_FILE = YES;
				IPHONEOS_DEPLOYMENT_TARGET = 15.0;
				MARKETING_VERSION = 1.0;
				PRODUCT_BUNDLE_IDENTIFIER = reachudev.VgTests;
				PRODUCT_NAME = "$(TARGET_NAME)";
				STRING_CATALOG_GENERATE_SYMBOLS = NO;
				SWIFT_APPROACHABLE_CONCURRENCY = YES;
				SWIFT_EMIT_LOC_STRINGS = NO;
				SWIFT_UPCOMING_FEATURE_MEMBER_IMPORT_VISIBILITY = YES;
				SWIFT_VERSION = 5.0;
				TARGETED_DEVICE_FAMILY = "1,2";
				TEST_HOST = "$(BUILT_PRODUCTS_DIR)/Vg.app/$(BUNDLE_EXECUTABLE_FOLDER_PATH)/Vg";
			};
			name = Release;
		};
		17B230EB2EAF88A700EBA3F8 /* Debug */ = {
			isa = XCBuildConfiguration;
			buildSettings = {
				CODE_SIGN_STYLE = Automatic;
				CURRENT_PROJECT_VERSION = 1;
				DEVELOPMENT_TEAM = U4R2B2U7E6;
				GENERATE_INFOPLIST_FILE = YES;
				MARKETING_VERSION = 1.0;
				PRODUCT_BUNDLE_IDENTIFIER = reachudev.VgUITests;
				PRODUCT_NAME = "$(TARGET_NAME)";
				STRING_CATALOG_GENERATE_SYMBOLS = NO;
				SWIFT_APPROACHABLE_CONCURRENCY = YES;
				SWIFT_EMIT_LOC_STRINGS = NO;
				SWIFT_UPCOMING_FEATURE_MEMBER_IMPORT_VISIBILITY = YES;
				SWIFT_VERSION = 5.0;
				TARGETED_DEVICE_FAMILY = "1,2";
				TEST_TARGET_NAME = Vg;
			};
			name = Debug;
		};
		17B230EC2EAF88A700EBA3F8 /* Release */ = {
			isa = XCBuildConfiguration;
			buildSettings = {
				CODE_SIGN_STYLE = Automatic;
				CURRENT_PROJECT_VERSION = 1;
				DEVELOPMENT_TEAM = U4R2B2U7E6;
				GENERATE_INFOPLIST_FILE = YES;
				MARKETING_VERSION = 1.0;
				PRODUCT_BUNDLE_IDENTIFIER = reachudev.VgUITests;
				PRODUCT_NAME = "$(TARGET_NAME)";
				STRING_CATALOG_GENERATE_SYMBOLS = NO;
				SWIFT_APPROACHABLE_CONCURRENCY = YES;
				SWIFT_EMIT_LOC_STRINGS = NO;
				SWIFT_UPCOMING_FEATURE_MEMBER_IMPORT_VISIBILITY = YES;
				SWIFT_VERSION = 5.0;
				TARGETED_DEVICE_FAMILY = "1,2";
				TEST_TARGET_NAME = Vg;
			};
			name = Release;
		};
/* End XCBuildConfiguration section */

/* Begin XCConfigurationList section */
		17B230B92EAF88A400EBA3F8 /* Build configuration list for PBXProject "Vg" */ = {
			isa = XCConfigurationList;
			buildConfigurations = (
				17B230E22EAF88A700EBA3F8 /* Debug */,
				17B230E32EAF88A700EBA3F8 /* Release */,
			);
			defaultConfigurationIsVisible = 0;
			defaultConfigurationName = Release;
		};
		17B230E42EAF88A700EBA3F8 /* Build configuration list for PBXNativeTarget "Vg" */ = {
			isa = XCConfigurationList;
			buildConfigurations = (
				17B230E52EAF88A700EBA3F8 /* Debug */,
				17B230E62EAF88A700EBA3F8 /* Release */,
			);
			defaultConfigurationIsVisible = 0;
			defaultConfigurationName = Release;
		};
		17B230E72EAF88A700EBA3F8 /* Build configuration list for PBXNativeTarget "VgTests" */ = {
			isa = XCConfigurationList;
			buildConfigurations = (
				17B230E82EAF88A700EBA3F8 /* Debug */,
				17B230E92EAF88A700EBA3F8 /* Release */,
			);
			defaultConfigurationIsVisible = 0;
			defaultConfigurationName = Release;
		};
		17B230EA2EAF88A700EBA3F8 /* Build configuration list for PBXNativeTarget "VgUITests" */ = {
			isa = XCConfigurationList;
			buildConfigurations = (
				17B230EB2EAF88A700EBA3F8 /* Debug */,
				17B230EC2EAF88A700EBA3F8 /* Release */,
			);
			defaultConfigurationIsVisible = 0;
			defaultConfigurationName = Release;
		};
/* End XCConfigurationList section */

/* Begin XCLocalSwiftPackageReference section */
		D0A5AD662EB3F99E00A8D4B5 /* XCLocalSwiftPackageReference "../../../ReachuSwiftSDK" */ = {
			isa = XCLocalSwiftPackageReference;
			relativePath = ../../../ReachuSwiftSDK;
		};
/* End XCLocalSwiftPackageReference section */

/* Begin XCSwiftPackageProductDependency section */
		D0A5AD672EB3F99E00A8D4B5 /* ReachuComplete */ = {
			isa = XCSwiftPackageProductDependency;
			productName = ReachuComplete;
		};
		D0A5AD692EB3F99E00A8D4B5 /* ReachuCore */ = {
			isa = XCSwiftPackageProductDependency;
			productName = ReachuCore;
		};
		D0A5AD6B2EB3F99E00A8D4B5 /* ReachuDesignSystem */ = {
			isa = XCSwiftPackageProductDependency;
			productName = ReachuDesignSystem;
		};
		D0A5AD6D2EB3F99E00A8D4B5 /* ReachuLiveShow */ = {
			isa = XCSwiftPackageProductDependency;
			productName = ReachuLiveShow;
		};
		D0A5AD6F2EB3F99E00A8D4B5 /* ReachuLiveUI */ = {
			isa = XCSwiftPackageProductDependency;
			productName = ReachuLiveUI;
		};
/* End XCSwiftPackageProductDependency section */
	};
	rootObject = 17B230B62EAF88A400EBA3F8 /* Project object */;
}
